{
  "name": "TodoistIntegration",
  "lockfileVersion": 3,
  "requires": true,
  "packages": {
    "": {
      "dependencies": {
        "@depot/cli": "^0.0.1-cli.2.76.0",
        "@trigger.dev/sdk": "^2.3.19",
        "axios": "^1.7.7",
        "dotenv": "^16.4.5"
      },
      "devDependencies": {
        "typescript": "^5.6.2"
      }
    },
    "node_modules/@depot/cli": {
      "version": "0.0.1-cli.2.76.0",
      "resolved": "https://registry.npmjs.org/@depot/cli/-/cli-0.0.1-cli.2.76.0.tgz",
      "integrity": "sha512-alX1QOLXYGakwTjfPW1gI0IR5YCXwOoBY+iFdzpC6bS0v8vx8F6lVjfEcXAz/IbDQmWWcfUP2w99n2qxeRHJ7Q==",
      "hasInstallScript": true,
      "license": "MIT",
      "bin": {
        "depot": "bin/depot"
      },
      "engines": {
        "node": ">=14"
      },
      "optionalDependencies": {
        "@depot/cli-darwin-arm64": "0.0.1-cli.2.76.0",
        "@depot/cli-darwin-x64": "0.0.1-cli.2.76.0",
        "@depot/cli-linux-arm": "0.0.1-cli.2.76.0",
        "@depot/cli-linux-arm64": "0.0.1-cli.2.76.0",
        "@depot/cli-linux-ia32": "0.0.1-cli.2.76.0",
        "@depot/cli-linux-x64": "0.0.1-cli.2.76.0",
        "@depot/cli-win32-arm64": "0.0.1-cli.2.76.0",
        "@depot/cli-win32-ia32": "0.0.1-cli.2.76.0",
        "@depot/cli-win32-x64": "0.0.1-cli.2.76.0"
      }
    },
    "node_modules/@depot/cli-darwin-arm64": {
      "version": "0.0.1-cli.2.76.0",
      "resolved": "https://registry.npmjs.org/@depot/cli-darwin-arm64/-/cli-darwin-arm64-0.0.1-cli.2.76.0.tgz",
      "integrity": "sha512-7NpUcl08Q5hP5S0Qg+fFy/6U87c4NWEtj6lzRHe5pWB5LphZp6Dq40Qd/bm43XVFpWxa/crlicAdTm3dHJA5QQ==",
      "cpu": [
        "arm64"
      ],
      "license": "MIT",
      "optional": true,
      "os": [
        "darwin"
      ],
      "engines": {
        "node": ">=14"
      }
    },
    "node_modules/@depot/cli-darwin-x64": {
      "version": "0.0.1-cli.2.76.0",
      "resolved": "https://registry.npmjs.org/@depot/cli-darwin-x64/-/cli-darwin-x64-0.0.1-cli.2.76.0.tgz",
      "integrity": "sha512-pqyj985wAFoD7OoHLY15Ut9tvNa38ovDT6ZkZtIpKjgy+pC8FVR5dLzJRRtumACcXnAsIdMiw0K/cvo4lbD6Kg==",
      "cpu": [
        "x64"
      ],
      "license": "MIT",
      "optional": true,
      "os": [
        "darwin"
      ],
      "engines": {
        "node": ">=14"
      }
    },
    "node_modules/@depot/cli-linux-arm": {
      "version": "0.0.1-cli.2.76.0",
      "resolved": "https://registry.npmjs.org/@depot/cli-linux-arm/-/cli-linux-arm-0.0.1-cli.2.76.0.tgz",
      "integrity": "sha512-3B4SBT7DNdXbNf9sb6lvAzHfYXmJbqEBV9Q3GjMrNwE0shf3Jo3urYBwQqUV/isbdYdu5vmSzBiraKVfX0pCoQ==",
      "cpu": [
        "arm"
      ],
      "license": "MIT",
      "optional": true,
      "os": [
        "linux"
      ],
      "engines": {
        "node": ">=14"
      }
    },
    "node_modules/@depot/cli-linux-arm64": {
      "version": "0.0.1-cli.2.76.0",
      "resolved": "https://registry.npmjs.org/@depot/cli-linux-arm64/-/cli-linux-arm64-0.0.1-cli.2.76.0.tgz",
      "integrity": "sha512-I0rNz5q8KhqJr8ud788sWQXK0NMIH87JANa4cLWzafzv/c+hzwt+B2osDGzzs6M/I8ypSV38L49ipq1+QGGSmg==",
      "cpu": [
        "arm64"
      ],
      "license": "MIT",
      "optional": true,
      "os": [
        "linux"
      ],
      "engines": {
        "node": ">=14"
      }
    },
    "node_modules/@depot/cli-linux-ia32": {
      "version": "0.0.1-cli.2.76.0",
      "resolved": "https://registry.npmjs.org/@depot/cli-linux-ia32/-/cli-linux-ia32-0.0.1-cli.2.76.0.tgz",
      "integrity": "sha512-l+UebL5R6akPn+NVx2xfNsvpHofSBRLm+OrUMJ8K2jqEUgvBd1G3yY2FijgDNzzSZ1tiKgFo7ba7rzbRLDV15A==",
      "cpu": [
        "ia32"
      ],
      "license": "MIT",
      "optional": true,
      "os": [
        "linux"
      ],
      "engines": {
        "node": ">=14"
      }
    },
    "node_modules/@depot/cli-linux-x64": {
      "version": "0.0.1-cli.2.76.0",
      "resolved": "https://registry.npmjs.org/@depot/cli-linux-x64/-/cli-linux-x64-0.0.1-cli.2.76.0.tgz",
      "integrity": "sha512-cCOMJwkhCnaPf+1ClSG9HOYi9IjmXHifymelkq4yxEB6CWCIyPutxEv6c/HH2085B0wWFNuFrzJzl1iDmm1ksw==",
      "cpu": [
        "x64"
      ],
      "license": "MIT",
      "optional": true,
      "os": [
        "linux"
      ],
      "engines": {
        "node": ">=14"
      }
    },
    "node_modules/@depot/cli-win32-arm64": {
      "version": "0.0.1-cli.2.76.0",
      "resolved": "https://registry.npmjs.org/@depot/cli-win32-arm64/-/cli-win32-arm64-0.0.1-cli.2.76.0.tgz",
      "integrity": "sha512-pjw8ablyacNoHCJRIFZWxljdvFOmxfZjkJJZ2959ud0avl108DoCO4LhL+W6bi7kpc/CLCr1kpiudmnjeADdQQ==",
      "cpu": [
        "arm64"
      ],
      "license": "MIT",
      "optional": true,
      "os": [
        "win32"
      ],
      "engines": {
        "node": ">=14"
      }
    },
    "node_modules/@depot/cli-win32-ia32": {
      "version": "0.0.1-cli.2.76.0",
      "resolved": "https://registry.npmjs.org/@depot/cli-win32-ia32/-/cli-win32-ia32-0.0.1-cli.2.76.0.tgz",
      "integrity": "sha512-O41D6FJmwMTcs9ifdo584WC2j5J1Cwe9XFjP3ohylsstP3fyxZONQwlv85SjCTslHWVwsLXxc6npBB/jBoghoQ==",
      "cpu": [
        "ia32"
      ],
      "license": "MIT",
      "optional": true,
      "os": [
        "win32"
      ],
      "engines": {
        "node": ">=14"
      }
    },
    "node_modules/@depot/cli-win32-x64": {
      "version": "0.0.1-cli.2.76.0",
      "resolved": "https://registry.npmjs.org/@depot/cli-win32-x64/-/cli-win32-x64-0.0.1-cli.2.76.0.tgz",
      "integrity": "sha512-Qb/Vje+A1H5nGZDlWRMIsjPMpOjWg80PMToJu6n0o4djhQfli7I3HKgLxH6gLz6SBQu0VuzBswq6LuGp4eDZxA==",
      "cpu": [
        "x64"
      ],
      "license": "MIT",
      "optional": true,
      "os": [
        "win32"
      ],
      "engines": {
        "node": ">=14"
      }
    },
    "node_modules/@trigger.dev/core": {
      "version": "2.3.19",
      "resolved": "https://registry.npmjs.org/@trigger.dev/core/-/core-2.3.19.tgz",
      "integrity": "sha512-ZL5G8pBFOamgmHzg4hgjt+5jYBJlkvizTOYPAjhNlqhzq+wr1Czsp7I5JeynHSo55bc/TMen75uGh7blwBCaNw==",
      "license": "MIT",
      "dependencies": {
        "ulidx": "^2.2.1",
        "zod": "3.22.3",
        "zod-error": "1.5.0"
      },
      "engines": {
        "node": ">=18.0.0"
      }
    },
    "node_modules/@trigger.dev/core-backend": {
      "version": "2.3.19",
      "resolved": "https://registry.npmjs.org/@trigger.dev/core-backend/-/core-backend-2.3.19.tgz",
      "integrity": "sha512-TLior4RZSD+MnTeCytS1aG+o9ZQowSb7cMTml0jZVvA65Cy5uvKF7bkpoPmyIxyw+ZAwmrIsefZzAzI4Iu7+aw==",
      "license": "MIT",
      "engines": {
        "node": ">=18.0.0"
      }
    },
    "node_modules/@trigger.dev/sdk": {
      "version": "2.3.19",
      "resolved": "https://registry.npmjs.org/@trigger.dev/sdk/-/sdk-2.3.19.tgz",
      "integrity": "sha512-NjX5vEK3ydx5Bac0rwQbHqOZWJJqT6qQ+/GkTErKDs59v+qD+s1g/fB/TtEGpsAjdZK9FIPm4ooFemYVmpIm/A==",
      "license": "MIT",
      "dependencies": {
        "@trigger.dev/core": "^2.3.19",
        "@trigger.dev/core-backend": "^2.3.19",
        "chalk": "^5.2.0",
        "cronstrue": "^2.21.0",
        "debug": "^4.3.4",
        "evt": "^2.4.13",
        "get-caller-file": "^2.0.5",
        "git-remote-origin-url": "^4.0.0",
        "git-repo-info": "^2.1.1",
        "slug": "^6.0.0",
        "terminal-link": "^3.0.0",
        "ulid": "^2.3.0",
        "uuid": "^9.0.0",
        "ws": "^8.11.0",
        "zod": "3.22.3"
      },
      "engines": {
        "node": ">=18.0.0"
      }
    },
    "node_modules/ansi-escapes": {
      "version": "5.0.0",
      "resolved": "https://registry.npmjs.org/ansi-escapes/-/ansi-escapes-5.0.0.tgz",
      "integrity": "sha512-5GFMVX8HqE/TB+FuBJGuO5XG0WrsA6ptUqoODaT/n9mmUaZFkqnBueB4leqGBCmrUHnCnC4PCZTCd0E7QQ83bA==",
      "license": "MIT",
      "dependencies": {
        "type-fest": "^1.0.2"
      },
      "engines": {
        "node": ">=12"
      },
      "funding": {
        "url": "https://github.com/sponsors/sindresorhus"
      }
    },
    "node_modules/asynckit": {
      "version": "0.4.0",
      "resolved": "https://registry.npmjs.org/asynckit/-/asynckit-0.4.0.tgz",
      "integrity": "sha512-Oei9OH4tRh0YqU3GxhX79dM/mwVgvbZJaSNaRk+bshkj0S5cfHcgYakreBjrHwatXKbz+IoIdYLxrKim2MjW0Q==",
      "license": "MIT"
    },
    "node_modules/axios": {
      "version": "1.7.7",
      "resolved": "https://registry.npmjs.org/axios/-/axios-1.7.7.tgz",
      "integrity": "sha512-S4kL7XrjgBmvdGut0sN3yJxqYzrDOnivkBiN0OFs6hLiUam3UPvswUo0kqGyhqUZGEOytHyumEdXsAkgCOUf3Q==",
      "license": "MIT",
      "dependencies": {
        "follow-redirects": "^1.15.6",
        "form-data": "^4.0.0",
        "proxy-from-env": "^1.1.0"
      }
    },
    "node_modules/chalk": {
      "version": "5.3.0",
      "resolved": "https://registry.npmjs.org/chalk/-/chalk-5.3.0.tgz",
      "integrity": "sha512-dLitG79d+GV1Nb/VYcCDFivJeK1hiukt9QjRNVOsUtTy1rR1YJsmpGGTZ3qJos+uw7WmWF4wUwBd9jxjocFC2w==",
      "license": "MIT",
      "engines": {
        "node": "^12.17.0 || ^14.13 || >=16.0.0"
      },
      "funding": {
        "url": "https://github.com/chalk/chalk?sponsor=1"
      }
    },
    "node_modules/combined-stream": {
      "version": "1.0.8",
      "resolved": "https://registry.npmjs.org/combined-stream/-/combined-stream-1.0.8.tgz",
      "integrity": "sha512-FQN4MRfuJeHf7cBbBMJFXhKSDq+2kAArBlmRBvcvFE5BB1HZKXtSFASDhdlz9zOYwxh8lDdnvmMOe/+5cdoEdg==",
      "license": "MIT",
      "dependencies": {
        "delayed-stream": "~1.0.0"
      },
      "engines": {
        "node": ">= 0.8"
      }
    },
    "node_modules/cronstrue": {
      "version": "2.50.0",
      "resolved": "https://registry.npmjs.org/cronstrue/-/cronstrue-2.50.0.tgz",
      "integrity": "sha512-ULYhWIonJzlScCCQrPUG5uMXzXxSixty4djud9SS37DoNxDdkeRocxzHuAo4ImRBUK+mAuU5X9TSwEDccnnuPg==",
      "license": "MIT",
      "bin": {
        "cronstrue": "bin/cli.js"
      }
    },
    "node_modules/debug": {
      "version": "4.3.7",
      "resolved": "https://registry.npmjs.org/debug/-/debug-4.3.7.tgz",
      "integrity": "sha512-Er2nc/H7RrMXZBFCEim6TCmMk02Z8vLC2Rbi1KEBggpo0fS6l0S1nnapwmIi3yW/+GOJap1Krg4w0Hg80oCqgQ==",
      "license": "MIT",
      "dependencies": {
        "ms": "^2.1.3"
      },
      "engines": {
        "node": ">=6.0"
      },
      "peerDependenciesMeta": {
        "supports-color": {
          "optional": true
        }
      }
    },
    "node_modules/delayed-stream": {
      "version": "1.0.0",
      "resolved": "https://registry.npmjs.org/delayed-stream/-/delayed-stream-1.0.0.tgz",
      "integrity": "sha512-ZySD7Nf91aLB0RxL4KGrKHBXl7Eds1DAmEdcoVawXnLD7SDhpNgtuII2aAkg7a7QS41jxPSZ17p4VdGnMHk3MQ==",
      "license": "MIT",
      "engines": {
        "node": ">=0.4.0"
      }
    },
    "node_modules/dotenv": {
      "version": "16.4.5",
      "resolved": "https://registry.npmjs.org/dotenv/-/dotenv-16.4.5.tgz",
      "integrity": "sha512-ZmdL2rui+eB2YwhsWzjInR8LldtZHGDoQ1ugH85ppHKwpUHL7j7rN0Ti9NCnGiQbhaZ11FpR+7ao1dNsmduNUg==",
      "license": "BSD-2-Clause",
      "engines": {
        "node": ">=12"
      },
      "funding": {
        "url": "https://dotenvx.com"
      }
    },
    "node_modules/evt": {
      "version": "2.5.7",
      "resolved": "https://registry.npmjs.org/evt/-/evt-2.5.7.tgz",
      "integrity": "sha512-dr7Wd16ry5F8WNU1xXLKpFpO3HsoAGg8zC48e08vDdzMzGWCP9/QFGt1PQptEEDh8SwYP3EL8M+d/Gb0kgUp6g==",
      "license": "MIT",
      "dependencies": {
        "minimal-polyfills": "^2.2.3",
        "run-exclusive": "^2.2.19",
        "tsafe": "^1.6.6"
      }
    },
    "node_modules/follow-redirects": {
      "version": "1.15.9",
      "resolved": "https://registry.npmjs.org/follow-redirects/-/follow-redirects-1.15.9.tgz",
      "integrity": "sha512-gew4GsXizNgdoRyqmyfMHyAmXsZDk6mHkSxZFCzW9gwlbtOW44CDtYavM+y+72qD/Vq2l550kMF52DT8fOLJqQ==",
      "funding": [
        {
          "type": "individual",
          "url": "https://github.com/sponsors/RubenVerborgh"
        }
      ],
      "license": "MIT",
      "engines": {
        "node": ">=4.0"
      },
      "peerDependenciesMeta": {
        "debug": {
          "optional": true
        }
      }
    },
    "node_modules/form-data": {
      "version": "4.0.0",
      "resolved": "https://registry.npmjs.org/form-data/-/form-data-4.0.0.tgz",
      "integrity": "sha512-ETEklSGi5t0QMZuiXoA/Q6vcnxcLQP5vdugSpuAyi6SVGi2clPPp+xgEhuMaHC+zGgn31Kd235W35f7Hykkaww==",
      "license": "MIT",
      "dependencies": {
        "asynckit": "^0.4.0",
        "combined-stream": "^1.0.8",
        "mime-types": "^2.1.12"
      },
      "engines": {
        "node": ">= 6"
      }
    },
    "node_modules/get-caller-file": {
      "version": "2.0.5",
      "resolved": "https://registry.npmjs.org/get-caller-file/-/get-caller-file-2.0.5.tgz",
      "integrity": "sha512-DyFP3BM/3YHTQOCUL/w0OZHR0lpKeGrxotcHWcqNEdnltqFwXVfhEBQ94eIo34AfQpo0rGki4cyIiftY06h2Fg==",
      "license": "ISC",
      "engines": {
        "node": "6.* || 8.* || >= 10.*"
      }
    },
    "node_modules/git-remote-origin-url": {
      "version": "4.0.0",
      "resolved": "https://registry.npmjs.org/git-remote-origin-url/-/git-remote-origin-url-4.0.0.tgz",
      "integrity": "sha512-EAxDksNdjuWgmVW9pVvA9jQDi/dmTaiDONktIy7qiRRhBZUI4FQK1YvBvteuTSX24aNKg9lfgxNYJEeeSXe6DA==",
      "license": "MIT",
      "dependencies": {
        "gitconfiglocal": "^2.1.0"
      },
      "engines": {
        "node": "^12.20.0 || ^14.13.1 || >=16.0.0"
      },
      "funding": {
        "url": "https://github.com/sponsors/sindresorhus"
      }
    },
    "node_modules/git-repo-info": {
      "version": "2.1.1",
      "resolved": "https://registry.npmjs.org/git-repo-info/-/git-repo-info-2.1.1.tgz",
      "integrity": "sha512-8aCohiDo4jwjOwma4FmYFd3i97urZulL8XL24nIPxuE+GZnfsAyy/g2Shqx6OjUiFKUXZM+Yy+KHnOmmA3FVcg==",
      "license": "MIT",
      "engines": {
        "node": ">= 4.0"
      }
    },
    "node_modules/gitconfiglocal": {
      "version": "2.1.0",
      "resolved": "https://registry.npmjs.org/gitconfiglocal/-/gitconfiglocal-2.1.0.tgz",
      "integrity": "sha512-qoerOEliJn3z+Zyn1HW2F6eoYJqKwS6MgC9cztTLUB/xLWX8gD/6T60pKn4+t/d6tP7JlybI7Z3z+I572CR/Vg==",
      "license": "BSD",
      "dependencies": {
        "ini": "^1.3.2"
      }
    },
    "node_modules/has-flag": {
      "version": "4.0.0",
      "resolved": "https://registry.npmjs.org/has-flag/-/has-flag-4.0.0.tgz",
      "integrity": "sha512-EykJT/Q1KjTWctppgIAgfSO0tKVuZUjhgMr17kqTumMl6Afv3EISleU7qZUzoXDFTAHTDC4NOoG/ZxU3EvlMPQ==",
      "license": "MIT",
      "engines": {
        "node": ">=8"
      }
    },
    "node_modules/ini": {
      "version": "1.3.8",
      "resolved": "https://registry.npmjs.org/ini/-/ini-1.3.8.tgz",
      "integrity": "sha512-JV/yugV2uzW5iMRSiZAyDtQd+nxtUnjeLt0acNdw98kKLrvuRVyB80tsREOE7yvGVgalhZ6RNXCmEHkUKBKxew==",
      "license": "ISC"
    },
    "node_modules/layerr": {
      "version": "3.0.0",
      "resolved": "https://registry.npmjs.org/layerr/-/layerr-3.0.0.tgz",
      "integrity": "sha512-tv754Ki2dXpPVApOrjTyRo4/QegVb9eVFq4mjqp4+NM5NaX7syQvN5BBNfV/ZpAHCEHV24XdUVrBAoka4jt3pA==",
      "license": "MIT"
    },
    "node_modules/mime-db": {
      "version": "1.52.0",
      "resolved": "https://registry.npmjs.org/mime-db/-/mime-db-1.52.0.tgz",
      "integrity": "sha512-sPU4uV7dYlvtWJxwwxHD0PuihVNiE7TyAbQ5SWxDCB9mUYvOgroQOwYQQOKPJ8CIbE+1ETVlOoK1UC2nU3gYvg==",
      "license": "MIT",
      "engines": {
        "node": ">= 0.6"
      }
    },
    "node_modules/mime-types": {
      "version": "2.1.35",
      "resolved": "https://registry.npmjs.org/mime-types/-/mime-types-2.1.35.tgz",
      "integrity": "sha512-ZDY+bPm5zTTF+YpCrAU9nK0UgICYPT0QtT1NZWFv4s++TNkcgVaT0g6+4R2uI4MjQjzysHB1zxuWL50hzaeXiw==",
      "license": "MIT",
      "dependencies": {
        "mime-db": "1.52.0"
      },
      "engines": {
        "node": ">= 0.6"
      }
    },
    "node_modules/minimal-polyfills": {
      "version": "2.2.3",
      "resolved": "https://registry.npmjs.org/minimal-polyfills/-/minimal-polyfills-2.2.3.tgz",
      "integrity": "sha512-oxdmJ9cL+xV72h0xYxp4tP2d5/fTBpP45H8DIOn9pASuF8a3IYTf+25fMGDYGiWW+MFsuog6KD6nfmhZJQ+uUw==",
      "license": "MIT"
    },
    "node_modules/ms": {
      "version": "2.1.3",
      "resolved": "https://registry.npmjs.org/ms/-/ms-2.1.3.tgz",
      "integrity": "sha512-6FlzubTLZG3J2a/NVCAleEhjzq5oxgHyaCU9yYXvcLsvoVaHJq/s5xXI6/XXP6tz7R9xAOtHnSO/tXtF3WRTlA==",
      "license": "MIT"
    },
    "node_modules/proxy-from-env": {
      "version": "1.1.0",
      "resolved": "https://registry.npmjs.org/proxy-from-env/-/proxy-from-env-1.1.0.tgz",
      "integrity": "sha512-D+zkORCbA9f1tdWRK0RaCR3GPv50cMxcrz4X8k5LTSUD1Dkw47mKJEZQNunItRTkWwgtaUSo1RVFRIG9ZXiFYg==",
      "license": "MIT"
    },
    "node_modules/run-exclusive": {
      "version": "2.2.19",
      "resolved": "https://registry.npmjs.org/run-exclusive/-/run-exclusive-2.2.19.tgz",
      "integrity": "sha512-K3mdoAi7tjJ/qT7Flj90L7QyPozwUaAG+CVhkdDje4HLKXUYC3N/Jzkau3flHVDLQVhiHBtcimVodMjN9egYbA==",
      "license": "MIT",
      "dependencies": {
        "minimal-polyfills": "^2.2.3"
      }
    },
    "node_modules/slug": {
      "version": "6.1.0",
      "resolved": "https://registry.npmjs.org/slug/-/slug-6.1.0.tgz",
      "integrity": "sha512-x6vLHCMasg4DR2LPiyFGI0gJJhywY6DTiGhCrOMzb3SOk/0JVLIaL4UhyFSHu04SD3uAavrKY/K3zZ3i6iRcgA==",
      "license": "MIT"
    },
    "node_modules/supports-color": {
      "version": "7.2.0",
      "resolved": "https://registry.npmjs.org/supports-color/-/supports-color-7.2.0.tgz",
      "integrity": "sha512-qpCAvRl9stuOHveKsn7HncJRvv501qIacKzQlO/+Lwxc9+0q2wLyv4Dfvt80/DPn2pqOBsJdDiogXGR9+OvwRw==",
      "license": "MIT",
      "dependencies": {
        "has-flag": "^4.0.0"
      },
      "engines": {
        "node": ">=8"
      }
    },
    "node_modules/supports-hyperlinks": {
      "version": "2.3.0",
      "resolved": "https://registry.npmjs.org/supports-hyperlinks/-/supports-hyperlinks-2.3.0.tgz",
      "integrity": "sha512-RpsAZlpWcDwOPQA22aCH4J0t7L8JmAvsCxfOSEwm7cQs3LshN36QaTkwd70DnBOXDWGssw2eUoc8CaRWT0XunA==",
      "license": "MIT",
      "dependencies": {
        "has-flag": "^4.0.0",
        "supports-color": "^7.0.0"
      },
      "engines": {
        "node": ">=8"
      }
    },
    "node_modules/terminal-link": {
      "version": "3.0.0",
      "resolved": "https://registry.npmjs.org/terminal-link/-/terminal-link-3.0.0.tgz",
      "integrity": "sha512-flFL3m4wuixmf6IfhFJd1YPiLiMuxEc8uHRM1buzIeZPm22Au2pDqBJQgdo7n1WfPU1ONFGv7YDwpFBmHGF6lg==",
      "license": "MIT",
      "dependencies": {
        "ansi-escapes": "^5.0.0",
        "supports-hyperlinks": "^2.2.0"
      },
      "engines": {
        "node": ">=12"
      },
      "funding": {
        "url": "https://github.com/sponsors/sindresorhus"
      }
    },
    "node_modules/tsafe": {
      "version": "1.7.2",
      "resolved": "https://registry.npmjs.org/tsafe/-/tsafe-1.7.2.tgz",
      "integrity": "sha512-dAPfQLhCfCRre5qs+Z5Q2a7s2CV7RxffZUmvj7puGaePYjECzWREJFd3w4XSFe/T5tbxgowfItA/JSSZ6Ma3dA==",
      "license": "MIT"
    },
    "node_modules/type-fest": {
      "version": "1.4.0",
      "resolved": "https://registry.npmjs.org/type-fest/-/type-fest-1.4.0.tgz",
      "integrity": "sha512-yGSza74xk0UG8k+pLh5oeoYirvIiWo5t0/o3zHHAO2tRDiZcxWP7fywNlXhqb6/r6sWvwi+RsyQMWhVLe4BVuA==",
      "license": "(MIT OR CC0-1.0)",
      "engines": {
        "node": ">=10"
      },
      "funding": {
        "url": "https://github.com/sponsors/sindresorhus"
      }
    },
    "node_modules/typescript": {
      "version": "5.6.2",
      "resolved": "https://registry.npmjs.org/typescript/-/typescript-5.6.2.tgz",
      "integrity": "sha512-NW8ByodCSNCwZeghjN3o+JX5OFH0Ojg6sadjEKY4huZ52TqbJTJnDo5+Tw98lSy63NZvi4n+ez5m2u5d4PkZyw==",
      "dev": true,
      "license": "Apache-2.0",
      "bin": {
        "tsc": "bin/tsc",
        "tsserver": "bin/tsserver"
      },
      "engines": {
        "node": ">=14.17"
      }
    },
    "node_modules/ulid": {
      "version": "2.3.0",
      "resolved": "https://registry.npmjs.org/ulid/-/ulid-2.3.0.tgz",
      "integrity": "sha512-keqHubrlpvT6G2wH0OEfSW4mquYRcbe/J8NMmveoQOjUqmo+hXtO+ORCpWhdbZ7k72UtY61BL7haGxW6enBnjw==",
      "license": "MIT",
      "bin": {
        "ulid": "bin/cli.js"
      }
    },
    "node_modules/ulidx": {
      "version": "2.4.1",
      "resolved": "https://registry.npmjs.org/ulidx/-/ulidx-2.4.1.tgz",
      "integrity": "sha512-xY7c8LPyzvhvew0Fn+Ek3wBC9STZAuDI/Y5andCKi9AX6/jvfaX45PhsDX8oxgPL0YFp0Jhr8qWMbS/p9375Xg==",
      "license": "MIT",
      "dependencies": {
        "layerr": "^3.0.0"
      },
      "engines": {
        "node": ">=16"
      }
    },
    "node_modules/uuid": {
      "version": "9.0.1",
      "resolved": "https://registry.npmjs.org/uuid/-/uuid-9.0.1.tgz",
      "integrity": "sha512-b+1eJOlsR9K8HJpow9Ok3fiWOWSIcIzXodvv0rQjVoOVNpWMpxf1wZNpt4y9h10odCNrqnYp1OBzRktckBe3sA==",
      "funding": [
        "https://github.com/sponsors/broofa",
        "https://github.com/sponsors/ctavan"
      ],
      "license": "MIT",
      "bin": {
        "uuid": "dist/bin/uuid"
      }
    },
    "node_modules/ws": {
      "version": "8.18.0",
      "resolved": "https://registry.npmjs.org/ws/-/ws-8.18.0.tgz",
      "integrity": "sha512-8VbfWfHLbbwu3+N6OKsOMpBdT4kXPDDB9cJk2bJ6mh9ucxdlnNvH1e+roYkKmN9Nxw2yjz7VzeO9oOz2zJ04Pw==",
      "license": "MIT",
      "engines": {
        "node": ">=10.0.0"
      },
      "peerDependencies": {
        "bufferutil": "^4.0.1",
        "utf-8-validate": ">=5.0.2"
      },
      "peerDependenciesMeta": {
        "bufferutil": {
          "optional": true
        },
        "utf-8-validate": {
          "optional": true
        }
      }
    },
    "node_modules/zod": {
      "version": "3.22.3",
      "resolved": "https://registry.npmjs.org/zod/-/zod-3.22.3.tgz",
      "integrity": "sha512-EjIevzuJRiRPbVH4mGc8nApb/lVLKVpmUhAaR5R5doKGfAnGJ6Gr3CViAVjP+4FWSxCsybeWQdcgCtbX+7oZug==",
      "license": "MIT",
      "funding": {
        "url": "https://github.com/sponsors/colinhacks"
      }
    },
    "node_modules/zod-error": {
      "version": "1.5.0",
      "resolved": "https://registry.npmjs.org/zod-error/-/zod-error-1.5.0.tgz",
      "integrity": "sha512-zzopKZ/skI9iXpqCEPj+iLCKl9b88E43ehcU+sbRoHuwGd9F1IDVGQ70TyO6kmfiRL1g4IXkjsXK+g1gLYl4WQ==",
      "license": "MIT",
      "dependencies": {
        "zod": "^3.20.2"
      }
    }
  }
}
